
Microsoft Visual Studio Solution File, Format Version 12.00
# Visual Studio Version 17
VisualStudioVersion = 17.8.34330.188
MinimumVisualStudioVersion = 10.0.40219.1
Project("{9A19103F-16F7-4668-BE54-9A1E7A4F7556}") = "ConsoleApp1", "ConsoleApp1\ConsoleApp1.csproj", "{E2A8FF5B-CF24-438D-94FA-E1FC7120EB96}"
EndProject
Project("{9A19103F-16F7-4668-BE54-9A1E7A4F7556}") = "ClassLibrary1", "ClassLibrary1\ClassLibrary1.csproj", "{0043D1B7-2BEF-4151-915C-CD44F03E9C09}"
EndProject
Project("{FAE04EC0-301F-11D3-BF4B-00C04F79EFBC}") = "AdminForm", "AdminForm\AdminForm.csproj", "{F23DF34D-837E-4390-A458-A48236D92A59}"
EndProject
Global
	GlobalSection(SolutionConfigurationPlatforms) = preSolution
		Debug|Any CPU = Debug|Any CPU
		Release|Any CPU = Release|Any CPU
	EndGlobalSection
	GlobalSection(ProjectConfigurationPlatforms) = postSolution
		{E2A8FF5B-CF24-438D-94FA-E1FC7120EB96}.Debug|Any CPU.ActiveCfg = Debug|Any CPU
		{E2A8FF5B-CF24-438D-94FA-E1FC7120EB96}.Debug|Any CPU.Build.0 = Debug|Any CPU
		{E2A8FF5B-CF24-438D-94FA-E1FC7120EB96}.Release|Any CPU.ActiveCfg = Release|Any CPU
		{E2A8FF5B-CF24-438D-94FA-E1FC7120EB96}.Release|Any CPU.Build.0 = Release|Any CPU
		{0043D1B7-2BEF-4151-915C-CD44F03E9C09}.Debug|Any CPU.ActiveCfg = Debug|Any CPU
		{0043D1B7-2BEF-4151-915C-CD44F03E9C09}.Debug|Any CPU.Build.0 = Debug|Any CPU
		{0043D1B7-2BEF-4151-915C-CD44F03E9C09}.Release|Any CPU.ActiveCfg = Release|Any CPU
		{0043D1B7-2BEF-4151-915C-CD44F03E9C09}.Release|Any CPU.Build.0 = Release|Any CPU
		{F23DF34D-837E-4390-A458-A48236D92A59}.Debug|Any CPU.ActiveCfg = Debug|Any CPU
		{F23DF34D-837E-4390-A458-A48236D92A59}.Debug|Any CPU.Build.0 = Debug|Any CPU
		{F23DF34D-837E-4390-A458-A48236D92A59}.Release|Any CPU.ActiveCfg = Release|Any CPU
		{F23DF34D-837E-4390-A458-A48236D92A59}.Release|Any CPU.Build.0 = Release|Any CPU
	EndGlobalSection
	GlobalSection(SolutionProperties) = preSolution
		HideSolutionNode = FALSE
	EndGlobalSection
	GlobalSection(ExtensibilityGlobals) = postSolution
		SolutionGuid = {281E8F99-391C-4163-B9DA-067E79027EA9}
	EndGlobalSection
EndGlobal
