
Microsoft Visual Studio Solution File, Format Version 12.00
# Visual Studio Version 17
VisualStudioVersion = 17.8.34330.188
MinimumVisualStudioVersion = 10.0.40219.1
Project("{9A19103F-16F7-4668-BE54-9A1E7A4F7556}") = "Attendence Manngment System", "Attendence Manngment System\Attendence Manngment System.csproj", "{11ECA2EB-B085-4ABB-BED4-BE4034BE3152}"
EndProject
Project("{9A19103F-16F7-4668-BE54-9A1E7A4F7556}") = "ConsoleAttendence", "ConsoleAttendence\ConsoleAttendence.csproj", "{48D46E16-87E5-41C2-8118-79DE81851D0D}"
EndProject
Project("{9A19103F-16F7-4668-BE54-9A1E7A4F7556}") = "ClassLibrary1", "ClassLibrary1\ClassLibrary1.csproj", "{928934F5-47C5-4087-9824-0F2A8494EE98}"
EndProject
Global
	GlobalSection(SolutionConfigurationPlatforms) = preSolution
		Debug|Any CPU = Debug|Any CPU
		Release|Any CPU = Release|Any CPU
	EndGlobalSection
	GlobalSection(ProjectConfigurationPlatforms) = postSolution
		{11ECA2EB-B085-4ABB-BED4-BE4034BE3152}.Debug|Any CPU.ActiveCfg = Debug|Any CPU
		{11ECA2EB-B085-4ABB-BED4-BE4034BE3152}.Debug|Any CPU.Build.0 = Debug|Any CPU
		{11ECA2EB-B085-4ABB-BED4-BE4034BE3152}.Release|Any CPU.ActiveCfg = Release|Any CPU
		{11ECA2EB-B085-4ABB-BED4-BE4034BE3152}.Release|Any CPU.Build.0 = Release|Any CPU
		{48D46E16-87E5-41C2-8118-79DE81851D0D}.Debug|Any CPU.ActiveCfg = Debug|Any CPU
		{48D46E16-87E5-41C2-8118-79DE81851D0D}.Debug|Any CPU.Build.0 = Debug|Any CPU
		{48D46E16-87E5-41C2-8118-79DE81851D0D}.Release|Any CPU.ActiveCfg = Release|Any CPU
		{48D46E16-87E5-41C2-8118-79DE81851D0D}.Release|Any CPU.Build.0 = Release|Any CPU
		{928934F5-47C5-4087-9824-0F2A8494EE98}.Debug|Any CPU.ActiveCfg = Debug|Any CPU
		{928934F5-47C5-4087-9824-0F2A8494EE98}.Debug|Any CPU.Build.0 = Debug|Any CPU
		{928934F5-47C5-4087-9824-0F2A8494EE98}.Release|Any CPU.ActiveCfg = Release|Any CPU
		{928934F5-47C5-4087-9824-0F2A8494EE98}.Release|Any CPU.Build.0 = Release|Any CPU
	EndGlobalSection
	GlobalSection(SolutionProperties) = preSolution
		HideSolutionNode = FALSE
	EndGlobalSection
	GlobalSection(ExtensibilityGlobals) = postSolution
		SolutionGuid = {39E9D4E8-1DF9-430D-89C8-3DD534516297}
	EndGlobalSection
EndGlobal
